
Microsoft Visual Studio Solution File, Format Version 12.00
# Visual Studio Version 17
Project("{8BC9CEB8-8B4A-11D0-8D11-00A0C91BC942}") = "ALL_BUILD", "ALL_BUILD.vcxproj", "{39FBA3A4-CE5F-33A1-9A14-C994EB75BB50}"
	ProjectSection(ProjectDependencies) = postProject
		{06BD1B0A-2181-3859-8BB8-4811F4698161} = {06BD1B0A-2181-3859-8BB8-4811F4698161}
		{09ACDF38-103C-3215-B56C-B32C447FBCCA} = {09ACDF38-103C-3215-B56C-B32C447FBCCA}
	EndProjectSection
EndProject
Project("{8BC9CEB8-8B4A-11D0-8D11-00A0C91BC942}") = "LevelDBMinimal", "LevelDBMinimal.vcxproj", "{06BD1B0A-2181-3859-8BB8-4811F4698161}"
	ProjectSection(ProjectDependencies) = postProject
		{09ACDF38-103C-3215-B56C-B32C447FBCCA} = {09ACDF38-103C-3215-B56C-B32C447FBCCA}
	EndProjectSection
EndProject
Project("{8BC9CEB8-8B4A-11D0-8D11-00A0C91BC942}") = "ZERO_CHECK", "ZERO_CHECK.vcxproj", "{09ACDF38-103C-3215-B56C-B32C447FBCCA}"
	ProjectSection(ProjectDependencies) = postProject
	EndProjectSection
EndProject
Global
	GlobalSection(SolutionConfigurationPlatforms) = preSolution
		Debug|x64 = Debug|x64
		Release|x64 = Release|x64
		MinSizeRel|x64 = MinSizeRel|x64
		RelWithDebInfo|x64 = RelWithDebInfo|x64
	EndGlobalSection
	GlobalSection(ProjectConfigurationPlatforms) = postSolution
		{39FBA3A4-CE5F-33A1-9A14-C994EB75BB50}.Debug|x64.ActiveCfg = Debug|x64
		{39FBA3A4-CE5F-33A1-9A14-C994EB75BB50}.Release|x64.ActiveCfg = Release|x64
		{39FBA3A4-CE5F-33A1-9A14-C994EB75BB50}.MinSizeRel|x64.ActiveCfg = MinSizeRel|x64
		{39FBA3A4-CE5F-33A1-9A14-C994EB75BB50}.RelWithDebInfo|x64.ActiveCfg = RelWithDebInfo|x64
		{06BD1B0A-2181-3859-8BB8-4811F4698161}.Debug|x64.ActiveCfg = Debug|x64
		{06BD1B0A-2181-3859-8BB8-4811F4698161}.Debug|x64.Build.0 = Debug|x64
		{06BD1B0A-2181-3859-8BB8-4811F4698161}.Release|x64.ActiveCfg = Release|x64
		{06BD1B0A-2181-3859-8BB8-4811F4698161}.Release|x64.Build.0 = Release|x64
		{06BD1B0A-2181-3859-8BB8-4811F4698161}.MinSizeRel|x64.ActiveCfg = MinSizeRel|x64
		{06BD1B0A-2181-3859-8BB8-4811F4698161}.MinSizeRel|x64.Build.0 = MinSizeRel|x64
		{06BD1B0A-2181-3859-8BB8-4811F4698161}.RelWithDebInfo|x64.ActiveCfg = RelWithDebInfo|x64
		{06BD1B0A-2181-3859-8BB8-4811F4698161}.RelWithDebInfo|x64.Build.0 = RelWithDebInfo|x64
		{09ACDF38-103C-3215-B56C-B32C447FBCCA}.Debug|x64.ActiveCfg = Debug|x64
		{09ACDF38-103C-3215-B56C-B32C447FBCCA}.Debug|x64.Build.0 = Debug|x64
		{09ACDF38-103C-3215-B56C-B32C447FBCCA}.Release|x64.ActiveCfg = Release|x64
		{09ACDF38-103C-3215-B56C-B32C447FBCCA}.Release|x64.Build.0 = Release|x64
		{09ACDF38-103C-3215-B56C-B32C447FBCCA}.MinSizeRel|x64.ActiveCfg = MinSizeRel|x64
		{09ACDF38-103C-3215-B56C-B32C447FBCCA}.MinSizeRel|x64.Build.0 = MinSizeRel|x64
		{09ACDF38-103C-3215-B56C-B32C447FBCCA}.RelWithDebInfo|x64.ActiveCfg = RelWithDebInfo|x64
		{09ACDF38-103C-3215-B56C-B32C447FBCCA}.RelWithDebInfo|x64.Build.0 = RelWithDebInfo|x64
	EndGlobalSection
	GlobalSection(ExtensibilityGlobals) = postSolution
		SolutionGuid = {A1E360DD-BEDD-3EF8-8B78-381671900105}
	EndGlobalSection
	GlobalSection(ExtensibilityAddIns) = postSolution
	EndGlobalSection
EndGlobal
